// !$*UTF8*$!
{
	archiveVersion = 1;
	classes = {
	};
	objectVersion = 50;
	objects = {

/* Begin PBXBuildFile section */
		D110DF35213F100B00FF9D43 /* AppDelegate.swift in Sources */ = {isa = PBXBuildFile; fileRef = D110DF34213F100B00FF9D43 /* AppDelegate.swift */; };
		D110DF37213F100B00FF9D43 /* ViewController.swift in Sources */ = {isa = PBXBuildFile; fileRef = D110DF36213F100B00FF9D43 /* ViewController.swift */; };
		D110DF3A213F100B00FF9D43 /* Main.storyboard in Resources */ = {isa = PBXBuildFile; fileRef = D110DF38213F100B00FF9D43 /* Main.storyboard */; };
		D110DF3D213F100B00FF9D43 /* Passwords.xcdatamodeld in Sources */ = {isa = PBXBuildFile; fileRef = D110DF3B213F100B00FF9D43 /* Passwords.xcdatamodeld */; };
		D110DF3F213F100C00FF9D43 /* Assets.xcassets in Resources */ = {isa = PBXBuildFile; fileRef = D110DF3E213F100C00FF9D43 /* Assets.xcassets */; };
		D110DF42213F100C00FF9D43 /* LaunchScreen.storyboard in Resources */ = {isa = PBXBuildFile; fileRef = D110DF40213F100C00FF9D43 /* LaunchScreen.storyboard */; };
/* End PBXBuildFile section */

/* Begin PBXFileReference section */
		D110DF31213F100B00FF9D43 /* Passwords.app */ = {isa = PBXFileReference; explicitFileType = wrapper.application; includeInIndex = 0; path = Passwords.app; sourceTree = BUILT_PRODUCTS_DIR; };
		D110DF34213F100B00FF9D43 /* AppDelegate.swift */ = {isa = PBXFileReference; lastKnownFileType = sourcecode.swift; path = AppDelegate.swift; sourceTree = "<group>"; };
		D110DF36213F100B00FF9D43 /* ViewController.swift */ = {isa = PBXFileReference; lastKnownFileType = sourcecode.swift; path = ViewController.swift; sourceTree = "<group>"; };
		D110DF39213F100B00FF9D43 /* Base */ = {isa = PBXFileReference; lastKnownFileType = file.storyboard; name = Base; path = Base.lproj/Main.storyboard; sourceTree = "<group>"; };
		D110DF3C213F100B00FF9D43 /* Passwords.xcdatamodel */ = {isa = PBXFileReference; lastKnownFileType = wrapper.xcdatamodel; path = Passwords.xcdatamodel; sourceTree = "<group>"; };
		D110DF3E213F100C00FF9D43 /* Assets.xcassets */ = {isa = PBXFileReference; lastKnownFileType = folder.assetcatalog; path = Assets.xcassets; sourceTree = "<group>"; };
		D110DF41213F100C00FF9D43 /* Base */ = {isa = PBXFileReference; lastKnownFileType = file.storyboard; name = Base; path = Base.lproj/LaunchScreen.storyboard; sourceTree = "<group>"; };
		D110DF43213F100C00FF9D43 /* Info.plist */ = {isa = PBXFileReference; lastKnownFileType = text.plist.xml; path = Info.plist; sourceTree = "<group>"; };
/* End PBXFileReference section */

/* Begin PBXFrameworksBuildPhase section */
		D110DF2E213F100B00FF9D43 /* Frameworks */ = {
			isa = PBXFrameworksBuildPhase;
			buildActionMask = 2147483647;
			files = (
			);
			runOnlyForDeploymentPostprocessing = 0;
		};
/* End PBXFrameworksBuildPhase section */

/* Begin PBXGroup section */
		D110DF28213F100B00FF9D43 = {
			isa = PBXGroup;
			children = (
				D110DF33213F100B00FF9D43 /* Passwords */,
				D110DF32213F100B00FF9D43 /* Products */,
			);
			sourceTree = "<group>";
		};
		D110DF32213F100B00FF9D43 /* Products */ = {
			isa = PBXGroup;
			children = (
				D110DF31213F100B00FF9D43 /* Passwords.app */,
			);
			name = Products;
			sourceTree = "<group>";
		};
		D110DF33213F100B00FF9D43 /* Passwords */ = {
			isa = PBXGroup;
			children = (
				D110DF49213F115400FF9D43 /* View */,
				D110DF34213F100B00FF9D43 /* AppDelegate.swift */,
				D110DF36213F100B00FF9D43 /* ViewController.swift */,
				D110DF38213F100B00FF9D43 /* Main.storyboard */,
				D110DF3E213F100C00FF9D43 /* Assets.xcassets */,
				D110DF40213F100C00FF9D43 /* LaunchScreen.storyboard */,
				D110DF43213F100C00FF9D43 /* Info.plist */,
				D110DF3B213F100B00FF9D43 /* Passwords.xcdatamodeld */,
			);
			path = Passwords;
			sourceTree = "<group>";
		};
		D110DF49213F115400FF9D43 /* View */ = {
			isa = PBXGroup;
			children = (
			);
			path = View;
			sourceTree = "<group>";
		};
/* End PBXGroup section */

/* Begin PBXNativeTarget section */
		D110DF30213F100B00FF9D43 /* Passwords */ = {
			isa = PBXNativeTarget;
			buildConfigurationList = D110DF46213F100C00FF9D43 /* Build configuration list for PBXNativeTarget "Passwords" */;
			buildPhases = (
				D110DF2D213F100B00FF9D43 /* Sources */,
				D110DF2E213F100B00FF9D43 /* Frameworks */,
				D110DF2F213F100B00FF9D43 /* Resources */,
			);
			buildRules = (
			);
			dependencies = (
			);
			name = Passwords;
			productName = Passwords;
			productReference = D110DF31213F100B00FF9D43 /* Passwords.app */;
			productType = "com.apple.product-type.application";
		};
/* End PBXNativeTarget section */

/* Begin PBXProject section */
		D110DF29213F100B00FF9D43 /* Project object */ = {
			isa = PBXProject;
			attributes = {
				LastSwiftUpdateCheck = 0940;
				LastUpgradeCheck = 0940;
				ORGANIZATIONNAME = "Ivan Murashov";
				TargetAttributes = {
					D110DF30213F100B00FF9D43 = {
						CreatedOnToolsVersion = 9.4.1;
					};
				};
			};
			buildConfigurationList = D110DF2C213F100B00FF9D43 /* Build configuration list for PBXProject "Passwords" */;
			compatibilityVersion = "Xcode 9.3";
			developmentRegion = en;
			hasScannedForEncodings = 0;
			knownRegions = (
				en,
				Base,
			);
			mainGroup = D110DF28213F100B00FF9D43;
			productRefGroup = D110DF32213F100B00FF9D43 /* Products */;
			projectDirPath = "";
			projectRoot = "";
			targets = (
				D110DF30213F100B00FF9D43 /* Passwords */,
			);
		};
/* End PBXProject section */

/* Begin PBXResourcesBuildPhase section */
		D110DF2F213F100B00FF9D43 /* Resources */ = {
			isa = PBXResourcesBuildPhase;
			buildActionMask = 2147483647;
			files = (
				D110DF42213F100C00FF9D43 /* LaunchScreen.storyboard in Resources */,
				D110DF3F213F100C00FF9D43 /* Assets.xcassets in Resources */,
				D110DF3A213F100B00FF9D43 /* Main.storyboard in Resources */,
			);
			runOnlyForDeploymentPostprocessing = 0;
		};
/* End PBXResourcesBuildPhase section */

/* Begin PBXSourcesBuildPhase section */
		D110DF2D213F100B00FF9D43 /* Sources */ = {
			isa = PBXSourcesBuildPhase;
			buildActionMask = 2147483647;
			files = (
				D110DF37213F100B00FF9D43 /* ViewController.swift in Sources */,
				D110DF35213F100B00FF9D43 /* AppDelegate.swift in Sources */,
				D110DF3D213F100B00FF9D43 /* Passwords.xcdatamodeld in Sources */,
			);
			runOnlyForDeploymentPostprocessing = 0;
		};
/* End PBXSourcesBuildPhase section */

/* Begin PBXVariantGroup section */
		D110DF38213F100B00FF9D43 /* Main.storyboard */ = {
			isa = PBXVariantGroup;
			children = (
				D110DF39213F100B00FF9D43 /* Base */,
			);
			name = Main.storyboard;
			sourceTree = "<group>";
		};
		D110DF40213F100C00FF9D43 /* LaunchScreen.storyboard */ = {
			isa = PBXVariantGroup;
			children = (
				D110DF41213F100C00FF9D43 /* Base */,
			);
			name = LaunchScreen.storyboard;
			sourceTree = "<group>";
		};
/* End PBXVariantGroup section */

/* Begin XCBuildConfiguration section */
		D110DF44213F100C00FF9D43 /* Debug */ = {
			isa = XCBuildConfiguration;
			buildSettings = {
				ALWAYS_SEARCH_USER_PATHS = NO;
				CLANG_ANALYZER_NONNULL = YES;
				CLANG_ANALYZER_NUMBER_OBJECT_CONVERSION = YES_AGGRESSIVE;
				CLANG_CXX_LANGUAGE_STANDARD = "gnu++14";
				CLANG_CXX_LIBRARY = "libc++";
				CLANG_ENABLE_MODULES = YES;
				CLANG_ENABLE_OBJC_ARC = YES;
				CLANG_ENABLE_OBJC_WEAK = YES;
				CLANG_WARN_BLOCK_CAPTURE_AUTORELEASING = YES;
				CLANG_WARN_BOOL_CONVERSION = YES;
				CLANG_WARN_COMMA = YES;
				CLANG_WARN_CONSTANT_CONVERSION = YES;
				CLANG_WARN_DEPRECATED_OBJC_IMPLEMENTATIONS = YES;
				CLANG_WARN_DIRECT_OBJC_ISA_USAGE = YES_ERROR;
				CLANG_WARN_DOCUMENTATION_COMMENTS = YES;
				CLANG_WARN_EMPTY_BODY = YES;
				CLANG_WARN_ENUM_CONVERSION = YES;
				CLANG_WARN_INFINITE_RECURSION = YES;
				CLANG_WARN_INT_CONVERSION = YES;
				CLANG_WARN_NON_LITERAL_NULL_CONVERSION = YES;
				CLANG_WARN_OBJC_IMPLICIT_RETAIN_SELF = YES;
				CLANG_WARN_OBJC_LITERAL_CONVERSION = YES;
				CLANG_WARN_OBJC_ROOT_CLASS = YES_ERROR;
				CLANG_WARN_RANGE_LOOP_ANALYSIS = YES;
				CLANG_WARN_STRICT_PROTOTYPES = YES;
				CLANG_WARN_SUSPICIOUS_MOVE = YES;
				CLANG_WARN_UNGUARDED_AVAILABILITY = YES_AGGRESSIVE;
				CLANG_WARN_UNREACHABLE_CODE = YES;
				CLANG_WARN__DUPLICATE_METHOD_MATCH = YES;
				CODE_SIGN_IDENTITY = "iPhone Developer";
				COPY_PHASE_STRIP = NO;
				DEBUG_INFORMATION_FORMAT = dwarf;
				ENABLE_STRICT_OBJC_MSGSEND = YES;
				ENABLE_TESTABILITY = YES;
				GCC_C_LANGUAGE_STANDARD = gnu11;
				GCC_DYNAMIC_NO_PIC = NO;
				GCC_NO_COMMON_BLOCKS = YES;
				GCC_OPTIMIZATION_LEVEL = 0;
				GCC_PREPROCESSOR_DEFINITIONS = (
					"DEBUG=1",
					"$(inherited)",
				);
				GCC_WARN_64_TO_32_BIT_CONVERSION = YES;
				GCC_WARN_ABOUT_RETURN_TYPE = YES_ERROR;
				GCC_WARN_UNDECLARED_SELECTOR = YES;
				GCC_WARN_UNINITIALIZED_AUTOS = YES_AGGRESSIVE;
				GCC_WARN_UNUSED_FUNCTION = YES;
				GCC_WARN_UNUSED_VARIABLE = YES;
				IPHONEOS_DEPLOYMENT_TARGET = 11.4;
				MTL_ENABLE_DEBUG_INFO = YES;
				ONLY_ACTIVE_ARCH = YES;
				SDKROOT = iphoneos;
				SWIFT_ACTIVE_COMPILATION_CONDITIONS = DEBUG;
				SWIFT_OPTIMIZATION_LEVEL = "-Onone";
			};
			name = Debug;
		};
		D110DF45213F100C00FF9D43 /* Release */ = {
			isa = XCBuildConfiguration;
			buildSettings = {
				ALWAYS_SEARCH_USER_PATHS = NO;
				CLANG_ANALYZER_NONNULL = YES;
				CLANG_ANALYZER_NUMBER_OBJECT_CONVERSION = YES_AGGRESSIVE;
				CLANG_CXX_LANGUAGE_STANDARD = "gnu++14";
				CLANG_CXX_LIBRARY = "libc++";
				CLANG_ENABLE_MODULES = YES;
				CLANG_ENABLE_OBJC_ARC = YES;
				CLANG_ENABLE_OBJC_WEAK = YES;
				CLANG_WARN_BLOCK_CAPTURE_AUTORELEASING = YES;
				CLANG_WARN_BOOL_CONVERSION = YES;
				CLANG_WARN_COMMA = YES;
				CLANG_WARN_CONSTANT_CONVERSION = YES;
				CLANG_WARN_DEPRECATED_OBJC_IMPLEMENTATIONS = YES;
				CLANG_WARN_DIRECT_OBJC_ISA_USAGE = YES_ERROR;
				CLANG_WARN_DOCUMENTATION_COMMENTS = YES;
				CLANG_WARN_EMPTY_BODY = YES;
				CLANG_WARN_ENUM_CONVERSION = YES;
				CLANG_WARN_INFINITE_RECURSION = YES;
				CLANG_WARN_INT_CONVERSION = YES;
				CLANG_WARN_NON_LITERAL_NULL_CONVERSION = YES;
				CLANG_WARN_OBJC_IMPLICIT_RETAIN_SELF = YES;
				CLANG_WARN_OBJC_LITERAL_CONVERSION = YES;
				CLANG_WARN_OBJC_ROOT_CLASS = YES_ERROR;
				CLANG_WARN_RANGE_LOOP_ANALYSIS = YES;
				CLANG_WARN_STRICT_PROTOTYPES = YES;
				CLANG_WARN_SUSPICIOUS_MOVE = YES;
				CLANG_WARN_UNGUARDED_AVAILABILITY = YES_AGGRESSIVE;
				CLANG_WARN_UNREACHABLE_CODE = YES;
				CLANG_WARN__DUPLICATE_METHOD_MATCH = YES;
				CODE_SIGN_IDENTITY = "iPhone Developer";
				COPY_PHASE_STRIP = NO;
				DEBUG_INFORMATION_FORMAT = "dwarf-with-dsym";
				ENABLE_NS_ASSERTIONS = NO;
				ENABLE_STRICT_OBJC_MSGSEND = YES;
				GCC_C_LANGUAGE_STANDARD = gnu11;
				GCC_NO_COMMON_BLOCKS = YES;
				GCC_WARN_64_TO_32_BIT_CONVERSION = YES;
				GCC_WARN_ABOUT_RETURN_TYPE = YES_ERROR;
				GCC_WARN_UNDECLARED_SELECTOR = YES;
				GCC_WARN_UNINITIALIZED_AUTOS = YES_AGGRESSIVE;
				GCC_WARN_UNUSED_FUNCTION = YES;
				GCC_WARN_UNUSED_VARIABLE = YES;
				IPHONEOS_DEPLOYMENT_TARGET = 11.4;
				MTL_ENABLE_DEBUG_INFO = NO;
				SDKROOT = iphoneos;
				SWIFT_COMPILATION_MODE = wholemodule;
				SWIFT_OPTIMIZATION_LEVEL = "-O";
				VALIDATE_PRODUCT = YES;
			};
			name = Release;
		};
		D110DF47213F100C00FF9D43 /* Debug */ = {
			isa = XCBuildConfiguration;
			buildSettings = {
				ASSETCATALOG_COMPILER_APPICON_NAME = AppIcon;
				CODE_SIGN_STYLE = Automatic;
				DEVELOPMENT_TEAM = SU33AJBF5T;
				INFOPLIST_FILE = Passwords/Info.plist;
				LD_RUNPATH_SEARCH_PATHS = (
					"$(inherited)",
					"@executable_path/Frameworks",
				);
				PRODUCT_BUNDLE_IDENTIFIER = kifio.Passwords;
				PRODUCT_NAME = "$(TARGET_NAME)";
				SWIFT_VERSION = 4.0;
				TARGETED_DEVICE_FAMILY = "1,2";
			};
			name = Debug;
		};
		D110DF48213F100C00FF9D43 /* Release */ = {
			isa = XCBuildConfiguration;
			buildSettings = {
				ASSETCATALOG_COMPILER_APPICON_NAME = AppIcon;
				CODE_SIGN_STYLE = Automatic;
				DEVELOPMENT_TEAM = SU33AJBF5T;
				INFOPLIST_FILE = Passwords/Info.plist;
				LD_RUNPATH_SEARCH_PATHS = (
					"$(inherited)",
					"@executable_path/Frameworks",
				);
				PRODUCT_BUNDLE_IDENTIFIER = kifio.Passwords;
				PRODUCT_NAME = "$(TARGET_NAME)";
				SWIFT_VERSION = 4.0;
				TARGETED_DEVICE_FAMILY = "1,2";
			};
			name = Release;
		};
/* End XCBuildConfiguration section */

/* Begin XCConfigurationList section */
		D110DF2C213F100B00FF9D43 /* Build configuration list for PBXProject "Passwords" */ = {
			isa = XCConfigurationList;
			buildConfigurations = (
				D110DF44213F100C00FF9D43 /* Debug */,
				D110DF45213F100C00FF9D43 /* Release */,
			);
			defaultConfigurationIsVisible = 0;
			defaultConfigurationName = Release;
		};
		D110DF46213F100C00FF9D43 /* Build configuration list for PBXNativeTarget "Passwords" */ = {
			isa = XCConfigurationList;
			buildConfigurations = (
				D110DF47213F100C00FF9D43 /* Debug */,
				D110DF48213F100C00FF9D43 /* Release */,
			);
			defaultConfigurationIsVisible = 0;
			defaultConfigurationName = Release;
		};
/* End XCConfigurationList section */

/* Begin XCVersionGroup section */
		D110DF3B213F100B00FF9D43 /* Passwords.xcdatamodeld */ = {
			isa = XCVersionGroup;
			children = (
				D110DF3C213F100B00FF9D43 /* Passwords.xcdatamodel */,
			);
			currentVersion = D110DF3C213F100B00FF9D43 /* Passwords.xcdatamodel */;
			path = Passwords.xcdatamodeld;
			sourceTree = "<group>";
			versionGroupType = wrapper.xcdatamodel;
		};
/* End XCVersionGroup section */
	};
	rootObject = D110DF29213F100B00FF9D43 /* Project object */;
}
